mod/x v1
mod/x v1/go.mod
mod/x v1
mod/x v1/go.mod
mod/x v1
mod/x v1/go.mod
mod/x v1
mod/x v1/go.mod
mod/x v1
mod/x v1/go.mod
mod/x v1
mod/x v1/go.mod
mod/x v1
mod/x v1/go.mod
mod/x v1
mod/x v1/go.mod
mod/x v1
mod/x v1/go.mod
mod/x v1
mod/x v1/go.mod
mod/x v1
mod/x v1/go.mod
mod/x v1
mod/x v1/go.mod
mod/x v1
mod/x v1/go.mod
mod/x v1
mod/x v1/go.mod
mod/x v1
mod/x v1/go.mod
mod/x v1
mod/x v1/go.mod
mod/x v1
mod/x v1/go.mod
mod/x v1
mod/x v1/go.mod
mod/x v1
mod/x v1/go.mod
mod/x v1
mod/x v1/go.mod
mod/x v1
mod/x v1/go.mod
mod/x v1
mod/x v1/go.mod
mod/x v1
mod/x v1/go.mod
mod/x v1
mod/x v1/go.mod
mod/x v1
mod/x v1/go.mod
mod/x v1
mod/x v1/go.mod
mod/x v1
mod/x v1/go.mod
mod/x v1
mod/x v1/go.mod
mod/x v1
mod/x v1/go.mod
mod/x v1
mod/x v1/go.mod
mod/x v1
mod/x v1/go.mod
mod/x v1
mod/x v1/go.mod
mod/x v1
mod/x v1/go.mod
mod/x v1
mod/x v1/go.mod
mod/x v1
mod/x v1/go.mod
mod/x v1
mod/x v1/go.mod
mod/x v1
mod/x v1/go.mod
mod/x v1
mod/x v1/go.mod
mod/x v1
mod/x v1/go.mod
mod/x v1
mod/x v1/go.mod
mod/x v1
mod/x v1/go.mod
mod/x v1
mod/x v1/go.mod
mod/x v1
mod/x v1/go.mod
mod/x v1
mod/x v1/go.mod
mod/x v1
mod/x v1/go.mod
mod/x v1
mod/x v1/go.mod
mod/x v1
mod/x v1/go.mod
mod/x v1
mod/x v1/go.mod
mod/x v1
mod/x v1/go.mod
mod/x v1
mod/x v1/go.mod
mod/x v1
mod/x v1/go.mod
mod/x v1
mod/x v1/go.mod
mod/x v1
mod/x v1/go.mod
mod/x v1
mod/x v1/go.mod
mod/x v1
mod/x v1/go.mod
mod/x v1
mod/x v1/go.mod
mod/x v1
mod/x v1/go.mod
mod/x v1
mod/x v1/go.mod
mod/x v1
mod/x v1/go.mod
mod/x v1
mod/x v1/go.mod
mod/x v1
mod/x v1/go.mod
mod/x v1
mod/x v1/go.mod
mod/x v1
mod/x v1/go.mod
mod/x v1
mod/x v1/go.mod
mod/x v1
mod/x v1/go.mod
mod/x v1
mod/x v1/go.mod
mod/x v1
mod/x v1/go.mod
mod/x v1
mod/x v1/go.mod
mod/x v1
mod/x v1/go.mod
mod/x v1
mod/x v1/go.mod
mod/x v1
mod/x v1/go.mod
mod/x v1
mod/x v1/go.mod
mod/x v1
mod/x v1/go.mod
mod/x v1
mod/x v1/go.mod
mod/x v1
mod/x v1/go.mod
mod/x v1
mod/x v1/go.mod
mod/x v1
mod/x v1/go.mod
mod/x v1
mod/x v1/go.mod
mod/x v1
mod/x v1/go.mod
mod/x v1
mod/x v1/go.mod
mod/x v1
mod/x v1/go.mod
mod/x v1
mod/x v1/go.mod
mod/x v1
mod/x v1/go.mod
mod/x v1
mod/x v1/go.mod
mod/x v1
mod/x v1/go.mod
mod/x v1
mod/x v1/go.mod
mod/x v1
mod/x v1/go.mod
mod/x v1
mod/x v1/go.mod
mod/x v1
mod/x v1/go.mod
mod/x v1
mod/x v1/go.mod
mod/x v1
mod/x v1/go.mod
mod/x v1
mod/x v1/go.mod
mod/x v1
mod/x v1/go.mod
mod/x v1
mod/x v1/go.mod
mod/x v1
mod/x v1/go.mod
mod/x v1
mod/x v1/go.mod
mod/x v1
mod/x v1/go.mod
mod/x v1
mod/x v1/go.mod
mod/x v1
mod/x v1/go.mod
mod/x v1
mod/x v1/go.mod
