m v1
m v1/go.mod
m v1
m v1/go.mod
m v1
m v1/go.mod
m v1
m v1/go.mod
m v1
m v1/go.mod
m v1
m v1/go.mod
m v1
m v1/go.mod
m v1
m v1/go.mod
m v1
m v1/go.mod
m v1
m v1/go.mod
m v1
m v1/go.mod
m v1
m v1/go.mod
m v1
m v1/go.mod
m v1
m v1/go.mod
m v1
m v1/go.mod
m v1
m v1/go.mod
m v1
m v1/go.mod
m v1
m v1/go.mod
m v1
m v1/go.mod
m v1
m v1/go.mod
m v1
m v1/go.mod
m v1
m v1/go.mod
m v1
m v1/go.mod
m v1
m v1/go.mod
m v1
m v1/go.mod
m v1
m v1/go.mod
m v1
m v1/go.mod
m v1
m v1/go.mod
m v1
m v1/go.mod
m v1
m v1/go.mod
m v1
m v1/go.mod
m v1
m v1/go.mod
m v1
m v1/go.mod
m v1
m v1/go.mod
m v1
m v1/go.mod
m v1
m v1/go.mod
m v1
m v1/go.mod
m v1
m v1/go.mod
m v1
m v1/go.mod
m v1
m v1/go.mod
m v1
m v1/go.mod
m v1
m v1/go.mod
m v1
m v1/go.mod
m v1
m v1/go.mod
m v1
m v1/go.mod
m v1
m v1/go.mod
m v1
m v1/go.mod
m v1
m v1/go.mod
m v1
m v1/go.mod
m v1
m v1/go.mod
