{"lockfileVersion": 3, "packages": {"": {}, "node_modules/dep0": {}, "node_modules/dep1": {}, "node_modules/dep2": {}, "node_modules/dep3": {}, "node_modules/dep4": {}, "node_modules/dep5": {}, "node_modules/dep6": {}, "node_modules/dep7": {}, "node_modules/dep8": {}, "node_modules/dep9": {}, "node_modules/dep10": {}, "node_modules/dep11": {}, "node_modules/dep12": {}, "node_modules/dep13": {}, "node_modules/dep14": {}, "node_modules/dep15": {}, "node_modules/dep16": {}, "node_modules/dep17": {}, "node_modules/dep18": {}, "node_modules/dep19": {}, "node_modules/dep20": {}, "node_modules/dep21": {}, "node_modules/dep22": {}, "node_modules/dep23": {}, "node_modules/dep24": {}, "node_modules/dep25": {}, "node_modules/dep26": {}, "node_modules/dep27": {}, "node_modules/dep28": {}, "node_modules/dep29": {}, "node_modules/dep30": {}, "node_modules/dep31": {}, "node_modules/dep32": {}, "node_modules/dep33": {}, "node_modules/dep34": {}, "node_modules/dep35": {}, "node_modules/dep36": {}, "node_modules/dep37": {}, "node_modules/dep38": {}, "node_modules/dep39": {}, "node_modules/dep40": {}, "node_modules/dep41": {}, "node_modules/dep42": {}, "node_modules/dep43": {}, "node_modules/dep44": {}, "node_modules/dep45": {}, "node_modules/dep46": {}, "node_modules/dep47": {}, "node_modules/dep48": {}, "node_modules/dep49": {}, "node_modules/dep50": {}, "node_modules/dep51": {}, "node_modules/dep52": {}, "node_modules/dep53": {}, "node_modules/dep54": {}, "node_modules/dep55": {}, "node_modules/dep56": {}, "node_modules/dep57": {}, "node_modules/dep58": {}, "node_modules/dep59": {}, "node_modules/dep60": {}, "node_modules/dep61": {}, "node_modules/dep62": {}, "node_modules/dep63": {}, "node_modules/dep64": {}, "node_modules/dep65": {}, "node_modules/dep66": {}, "node_modules/dep67": {}, "node_modules/dep68": {}, "node_modules/dep69": {}, "node_modules/dep70": {}, "node_modules/dep71": {}, "node_modules/dep72": {}, "node_modules/dep73": {}, "node_modules/dep74": {}, "node_modules/dep75": {}, "node_modules/dep76": {}, "node_modules/dep77": {}, "node_modules/dep78": {}, "node_modules/dep79": {}, "node_modules/dep80": {}, "node_modules/dep81": {}, "node_modules/dep82": {}, "node_modules/dep83": {}, "node_modules/dep84": {}, "node_modules/dep85": {}, "node_modules/dep86": {}, "node_modules/dep87": {}, "node_modules/dep88": {}, "node_modules/dep89": {}, "node_modules/dep90": {}, "node_modules/dep91": {}, "node_modules/dep92": {}, "node_modules/dep93": {}, "node_modules/dep94": {}, "node_modules/dep95": {}, "node_modules/dep96": {}, "node_modules/dep97": {}, "node_modules/dep98": {}, "node_modules/dep99": {}}}